
Microsoft Visual Studio Solution File, Format Version 12.00
# Visual Studio Version 16
VisualStudioVersion = 16.0.29209.62
MinimumVisualStudioVersion = 10.0.40219.1
Project("{9A19103F-16F7-4668-BE54-9A1E7A4F7556}") = "AZDO_SyncFunctions", "AZDO_SyncFunctions\AZDO_SyncFunctions.csproj", "{4E3AFC96-56C6-405B-923D-520E1815C8D3}"
EndProject
Project("{FAE04EC0-301F-11D3-BF4B-00C04F79EFBC}") = "WorkItemSync", "WorkItemSync\WorkItemSync.csproj", "{F4111909-81A5-4210-95E9-9BA92B8496E0}"
EndProject
Global
	GlobalSection(SolutionConfigurationPlatforms) = preSolution
		Debug|Any CPU = Debug|Any CPU
		Release|Any CPU = Release|Any CPU
	EndGlobalSection
	GlobalSection(ProjectConfigurationPlatforms) = postSolution
		{4E3AFC96-56C6-405B-923D-520E1815C8D3}.Debug|Any CPU.ActiveCfg = Debug|Any CPU
		{4E3AFC96-56C6-405B-923D-520E1815C8D3}.Debug|Any CPU.Build.0 = Debug|Any CPU
		{4E3AFC96-56C6-405B-923D-520E1815C8D3}.Release|Any CPU.ActiveCfg = Release|Any CPU
		{4E3AFC96-56C6-405B-923D-520E1815C8D3}.Release|Any CPU.Build.0 = Release|Any CPU
		{F4111909-81A5-4210-95E9-9BA92B8496E0}.Debug|Any CPU.ActiveCfg = Debug|Any CPU
		{F4111909-81A5-4210-95E9-9BA92B8496E0}.Debug|Any CPU.Build.0 = Debug|Any CPU
		{F4111909-81A5-4210-95E9-9BA92B8496E0}.Release|Any CPU.ActiveCfg = Release|Any CPU
		{F4111909-81A5-4210-95E9-9BA92B8496E0}.Release|Any CPU.Build.0 = Release|Any CPU
	EndGlobalSection
	GlobalSection(SolutionProperties) = preSolution
		HideSolutionNode = FALSE
	EndGlobalSection
	GlobalSection(ExtensibilityGlobals) = postSolution
		SolutionGuid = {E89758A9-3410-41E9-A17B-912C0DB8E1F9}
	EndGlobalSection
EndGlobal
